
Microsoft Visual Studio Solution File, Format Version 12.00
# Visual Studio Version 17
VisualStudioVersion = 17.9.34723.18
MinimumVisualStudioVersion = 10.0.40219.1
Project("{FAE04EC0-301F-11D3-BF4B-00C04F79EFBC}") = "LotteryFormularReader", "LotteryFormularReader\LotteryFormularReader.csproj", "{CDB8A6D3-EB6B-4AE7-99E9-CB4EDD8C33FC}"
EndProject
Global
	GlobalSection(SolutionConfigurationPlatforms) = preSolution
		Debug|Any CPU = Debug|Any CPU
		Release|Any CPU = Release|Any CPU
	EndGlobalSection
	GlobalSection(ProjectConfigurationPlatforms) = postSolution
		{CDB8A6D3-EB6B-4AE7-99E9-CB4EDD8C33FC}.Debug|Any CPU.ActiveCfg = Debug|Any CPU
		{CDB8A6D3-EB6B-4AE7-99E9-CB4EDD8C33FC}.Debug|Any CPU.Build.0 = Debug|Any CPU
		{CDB8A6D3-EB6B-4AE7-99E9-CB4EDD8C33FC}.Release|Any CPU.ActiveCfg = Release|Any CPU
		{CDB8A6D3-EB6B-4AE7-99E9-CB4EDD8C33FC}.Release|Any CPU.Build.0 = Release|Any CPU
	EndGlobalSection
	GlobalSection(SolutionProperties) = preSolution
		HideSolutionNode = FALSE
	EndGlobalSection
	GlobalSection(ExtensibilityGlobals) = postSolution
		SolutionGuid = {A0B3E500-48C4-46D3-8D73-9DBE88B98C71}
	EndGlobalSection
EndGlobal
